GEM
  remote: https://rubygems.org/
  specs:
    minitest (6.0.1)
      prism (~> 1.5)
    prism (1.8.0)

PLATFORMS
  ruby
  x86_64-darwin-23

DEPENDENCIES
  minitest

CHECKSUMS
  minitest (6.0.1) sha256=7854c74f48e2e975969062833adc4013f249a4b212f5e7b9d5c040bf838d54bb
  prism (1.8.0) sha256=84453a16ef5530ea62c5f03ec16b52a459575ad4e7b9c2b360fd8ce2c39c1254

BUNDLED WITH
  4.0.4
